
Microsoft Visual Studio Solution File, Format Version 12.00
# Visual Studio Version 16
VisualStudioVersion = 16.0.29324.140
MinimumVisualStudioVersion = 10.0.40219.1
Project("{FAE04EC0-301F-11D3-BF4B-00C04F79EFBC}") = "WebApplication", "src\WebApplication\WebApplication.csproj", "{CEC1FD9D-8043-4163-AF97-F23869EF13D0}"
EndProject
Project("{2150E333-8FDC-42A3-9474-1A3956D46DE8}") = "Solution Items", "Solution Items", "{DCC613AA-08A9-4CB7-AB1A-2C98BA6718B4}"
	ProjectSection(SolutionItems) = preProject
		.dockerignore = .dockerignore
		Dockerfile = Dockerfile
		README.md = README.md
	EndProjectSection
EndProject
Project("{2150E333-8FDC-42A3-9474-1A3956D46DE8}") = "k8s", "k8s", "{0E43731B-DD9D-4448-8174-51478C6C8EF0}"
	ProjectSection(SolutionItems) = preProject
		k8s\deployment.yaml = k8s\deployment.yaml
		k8s\ingress.yaml = k8s\ingress.yaml
		k8s\service-loadbalancer.yaml = k8s\service-loadbalancer.yaml
		k8s\service.yaml = k8s\service.yaml
	EndProjectSection
EndProject
Global
	GlobalSection(SolutionConfigurationPlatforms) = preSolution
		Debug|Any CPU = Debug|Any CPU
		Release|Any CPU = Release|Any CPU
	EndGlobalSection
	GlobalSection(ProjectConfigurationPlatforms) = postSolution
		{CEC1FD9D-8043-4163-AF97-F23869EF13D0}.Debug|Any CPU.ActiveCfg = Debug|Any CPU
		{CEC1FD9D-8043-4163-AF97-F23869EF13D0}.Debug|Any CPU.Build.0 = Debug|Any CPU
		{CEC1FD9D-8043-4163-AF97-F23869EF13D0}.Release|Any CPU.ActiveCfg = Release|Any CPU
		{CEC1FD9D-8043-4163-AF97-F23869EF13D0}.Release|Any CPU.Build.0 = Release|Any CPU
	EndGlobalSection
	GlobalSection(SolutionProperties) = preSolution
		HideSolutionNode = FALSE
	EndGlobalSection
	GlobalSection(NestedProjects) = preSolution
		{0E43731B-DD9D-4448-8174-51478C6C8EF0} = {DCC613AA-08A9-4CB7-AB1A-2C98BA6718B4}
	EndGlobalSection
	GlobalSection(ExtensibilityGlobals) = postSolution
		SolutionGuid = {1438D766-477B-4ABE-88F3-F1C680621B6D}
	EndGlobalSection
EndGlobal
